PODS:
  - Flutter (1.0.0)
  - image_gallery_saver (2.0.2):
    - Flutter
  - image_picker_ios (0.0.1):
    - Flutter
  - path_provider_foundation (0.0.1):
    - Flutter
    - FlutterMacOS
  - shared_preferences_foundation (0.0.1):
    - Flutter
    - FlutterMacOS
  - url_launcher_ios (0.0.1):
    - Flutter
  - yandex_mapkit (0.0.1):
    - Flutter
    - YandexMapsMobile (= 4.3.2-full)
  - YandexMapsMobile (4.3.2-full)

DEPENDENCIES:
  - Flutter (from `Flutter`)
  - image_gallery_saver (from `.symlinks/plugins/image_gallery_saver/ios`)
  - image_picker_ios (from `.symlinks/plugins/image_picker_ios/ios`)
  - path_provider_foundation (from `.symlinks/plugins/path_provider_foundation/darwin`)
  - shared_preferences_foundation (from `.symlinks/plugins/shared_preferences_foundation/darwin`)
  - url_launcher_ios (from `.symlinks/plugins/url_launcher_ios/ios`)
  - yandex_mapkit (from `.symlinks/plugins/yandex_mapkit/ios`)

SPEC REPOS:
  trunk:
    - YandexMapsMobile

EXTERNAL SOURCES:
  Flutter:
    :path: Flutter
  image_gallery_saver:
    :path: ".symlinks/plugins/image_gallery_saver/ios"
  image_picker_ios:
    :path: ".symlinks/plugins/image_picker_ios/ios"
  path_provider_foundation:
    :path: ".symlinks/plugins/path_provider_foundation/darwin"
  shared_preferences_foundation:
    :path: ".symlinks/plugins/shared_preferences_foundation/darwin"
  url_launcher_ios:
    :path: ".symlinks/plugins/url_launcher_ios/ios"
  yandex_mapkit:
    :path: ".symlinks/plugins/yandex_mapkit/ios"

SPEC CHECKSUMS:
  Flutter: f04841e97a9d0b0a8025694d0796dd46242b2854
  image_gallery_saver: cb43cc43141711190510e92c460eb1655cd343cb
  image_picker_ios: 4a8aadfbb6dc30ad5141a2ce3832af9214a705b5
  path_provider_foundation: 29f094ae23ebbca9d3d0cec13889cd9060c0e943
  shared_preferences_foundation: 5b919d13b803cadd15ed2dc053125c68730e5126
  url_launcher_ios: 08a3dfac5fb39e8759aeb0abbd5d9480f30fc8b4
  yandex_mapkit: 352801c3b9fe72c0010207d9b01f8838a54b1c5a
  YandexMapsMobile: c73c71ec041b215284efbe8a0ebd7cdb77aad8d7

PODFILE CHECKSUM: bf9dd9dd87f6fafadd8d6d897f92a8d599964d04

COCOAPODS: 1.13.0
